
Microsoft Visual Studio Solution File, Format Version 12.00
# Visual Studio Version 17
VisualStudioVersion = 17.1.32328.378
MinimumVisualStudioVersion = 10.0.40219.1
Project("{FAE04EC0-301F-11D3-BF4B-00C04F79EFBC}") = "Music API", "Music API.csproj", "{24BAD8A3-2718-4787-847C-6528ECFD5096}"
EndProject
Project("{FAE04EC0-301F-11D3-BF4B-00C04F79EFBC}") = "Music API.Data", "..\Music API.Data\Music API.Data.csproj", "{052C081C-222B-4670-9A9F-903AE93DBD88}"
EndProject
Global
	GlobalSection(SolutionConfigurationPlatforms) = preSolution
		Debug|Any CPU = Debug|Any CPU
		Release|Any CPU = Release|Any CPU
	EndGlobalSection
	GlobalSection(ProjectConfigurationPlatforms) = postSolution
		{24BAD8A3-2718-4787-847C-6528ECFD5096}.Debug|Any CPU.ActiveCfg = Debug|Any CPU
		{24BAD8A3-2718-4787-847C-6528ECFD5096}.Debug|Any CPU.Build.0 = Debug|Any CPU
		{24BAD8A3-2718-4787-847C-6528ECFD5096}.Release|Any CPU.ActiveCfg = Release|Any CPU
		{24BAD8A3-2718-4787-847C-6528ECFD5096}.Release|Any CPU.Build.0 = Release|Any CPU
		{052C081C-222B-4670-9A9F-903AE93DBD88}.Debug|Any CPU.ActiveCfg = Debug|Any CPU
		{052C081C-222B-4670-9A9F-903AE93DBD88}.Debug|Any CPU.Build.0 = Debug|Any CPU
		{052C081C-222B-4670-9A9F-903AE93DBD88}.Release|Any CPU.ActiveCfg = Release|Any CPU
		{052C081C-222B-4670-9A9F-903AE93DBD88}.Release|Any CPU.Build.0 = Release|Any CPU
	EndGlobalSection
	GlobalSection(SolutionProperties) = preSolution
		HideSolutionNode = FALSE
	EndGlobalSection
	GlobalSection(ExtensibilityGlobals) = postSolution
		SolutionGuid = {86E77979-A351-4261-BCC8-0F3E8894A3F5}
	EndGlobalSection
EndGlobal
