
Microsoft Visual Studio Solution File, Format Version 12.00
# Visual Studio Version 17
VisualStudioVersion = 17.1.32328.378
MinimumVisualStudioVersion = 10.0.40219.1
Project("{9A19103F-16F7-4668-BE54-9A1E7A4F7556}") = "Music API", "Music API.csproj", "{24BAD8A3-2718-4787-847C-6528ECFD5096}"
EndProject
Project("{9A19103F-16F7-4668-BE54-9A1E7A4F7556}") = "Music API.Data", "..\Music API.Data\Music API.Data.csproj", "{052C081C-222B-4670-9A9F-903AE93DBD88}"
EndProject
Project("{2150E333-8FDC-42A3-9474-1A3956D46DE8}") = "Solution Items", "Solution Items", "{8756AC03-E1E1-4381-961B-8D499C1D86CD}"
	ProjectSection(SolutionItems) = preProject
		.editorconfig = .editorconfig
	EndProjectSection
EndProject
Global
	GlobalSection(SolutionConfigurationPlatforms) = preSolution
		Debug|Any CPU = Debug|Any CPU
		Release|Any CPU = Release|Any CPU
	EndGlobalSection
	GlobalSection(ProjectConfigurationPlatforms) = postSolution
		{24BAD8A3-2718-4787-847C-6528ECFD5096}.Debug|Any CPU.ActiveCfg = Debug|Any CPU
		{24BAD8A3-2718-4787-847C-6528ECFD5096}.Debug|Any CPU.Build.0 = Debug|Any CPU
		{24BAD8A3-2718-4787-847C-6528ECFD5096}.Release|Any CPU.ActiveCfg = Release|Any CPU
		{24BAD8A3-2718-4787-847C-6528ECFD5096}.Release|Any CPU.Build.0 = Release|Any CPU
		{052C081C-222B-4670-9A9F-903AE93DBD88}.Debug|Any CPU.ActiveCfg = Debug|Any CPU
		{052C081C-222B-4670-9A9F-903AE93DBD88}.Debug|Any CPU.Build.0 = Debug|Any CPU
		{052C081C-222B-4670-9A9F-903AE93DBD88}.Release|Any CPU.ActiveCfg = Release|Any CPU
		{052C081C-222B-4670-9A9F-903AE93DBD88}.Release|Any CPU.Build.0 = Release|Any CPU
	EndGlobalSection
	GlobalSection(SolutionProperties) = preSolution
		HideSolutionNode = FALSE
	EndGlobalSection
	GlobalSection(ExtensibilityGlobals) = postSolution
		SolutionGuid = {86E77979-A351-4261-BCC8-0F3E8894A3F5}
	EndGlobalSection
EndGlobal
